// !$*UTF8*$!
{
	archiveVersion = 1;
	classes = {
	};
	objectVersion = 56;
	objects = {

/* Begin PBXBuildFile section */
		CE2F06582A913E0900E8E6E6 /* DetailViewController.swift in Sources */ = {isa = PBXBuildFile; fileRef = CE2F06572A913E0900E8E6E6 /* DetailViewController.swift */; };
		CE5F23002A5AA9E3000A966E /* AppDelegate.swift in Sources */ = {isa = PBXBuildFile; fileRef = CE5F22FF2A5AA9E3000A966E /* AppDelegate.swift */; };
		CE5F23022A5AA9E3000A966E /* SceneDelegate.swift in Sources */ = {isa = PBXBuildFile; fileRef = CE5F23012A5AA9E3000A966E /* SceneDelegate.swift */; };
		CE5F23042A5AA9E3000A966E /* ViewController.swift in Sources */ = {isa = PBXBuildFile; fileRef = CE5F23032A5AA9E3000A966E /* ViewController.swift */; };
		CE5F23072A5AA9E3000A966E /* Main.storyboard in Resources */ = {isa = PBXBuildFile; fileRef = CE5F23052A5AA9E3000A966E /* Main.storyboard */; };
		CE5F23092A5AA9E8000A966E /* Assets.xcassets in Resources */ = {isa = PBXBuildFile; fileRef = CE5F23082A5AA9E8000A966E /* Assets.xcassets */; };
		CE5F230C2A5AA9E8000A966E /* LaunchScreen.storyboard in Resources */ = {isa = PBXBuildFile; fileRef = CE5F230A2A5AA9E8000A966E /* LaunchScreen.storyboard */; };
		CE6DBA062A5BFE4D002A7261 /* Constants.swift in Sources */ = {isa = PBXBuildFile; fileRef = CE6DBA052A5BFE4D002A7261 /* Constants.swift */; };
		CE6E1FFA2A7E33CA00A354CE /* VideoTableViewCell.swift in Sources */ = {isa = PBXBuildFile; fileRef = CE6E1FF92A7E33CA00A354CE /* VideoTableViewCell.swift */; };
		CE70CA0E2A8E77E30015EEFA /* CacheManager.swift in Sources */ = {isa = PBXBuildFile; fileRef = CE70CA0D2A8E77E30015EEFA /* CacheManager.swift */; };
		CE756F142A5D25150090994B /* Video.swift in Sources */ = {isa = PBXBuildFile; fileRef = CE756F132A5D25150090994B /* Video.swift */; };
		CE756F162A5D25B50090994B /* Model.swift in Sources */ = {isa = PBXBuildFile; fileRef = CE756F152A5D25B50090994B /* Model.swift */; };
		CE8D19372A7BED9500E030D7 /* Response.swift in Sources */ = {isa = PBXBuildFile; fileRef = CE8D19362A7BED9500E030D7 /* Response.swift */; };
/* End PBXBuildFile section */

/* Begin PBXFileReference section */
		CE2F06572A913E0900E8E6E6 /* DetailViewController.swift */ = {isa = PBXFileReference; lastKnownFileType = sourcecode.swift; path = DetailViewController.swift; sourceTree = "<group>"; };
		CE5F22FC2A5AA9E3000A966E /* youtube-build.app */ = {isa = PBXFileReference; explicitFileType = wrapper.application; includeInIndex = 0; path = "youtube-build.app"; sourceTree = BUILT_PRODUCTS_DIR; };
		CE5F22FF2A5AA9E3000A966E /* AppDelegate.swift */ = {isa = PBXFileReference; lastKnownFileType = sourcecode.swift; path = AppDelegate.swift; sourceTree = "<group>"; };
		CE5F23012A5AA9E3000A966E /* SceneDelegate.swift */ = {isa = PBXFileReference; lastKnownFileType = sourcecode.swift; path = SceneDelegate.swift; sourceTree = "<group>"; };
		CE5F23032A5AA9E3000A966E /* ViewController.swift */ = {isa = PBXFileReference; lastKnownFileType = sourcecode.swift; path = ViewController.swift; sourceTree = "<group>"; };
		CE5F23062A5AA9E3000A966E /* Base */ = {isa = PBXFileReference; lastKnownFileType = file.storyboard; name = Base; path = Base.lproj/Main.storyboard; sourceTree = "<group>"; };
		CE5F23082A5AA9E8000A966E /* Assets.xcassets */ = {isa = PBXFileReference; lastKnownFileType = folder.assetcatalog; path = Assets.xcassets; sourceTree = "<group>"; };
		CE5F230B2A5AA9E8000A966E /* Base */ = {isa = PBXFileReference; lastKnownFileType = file.storyboard; name = Base; path = Base.lproj/LaunchScreen.storyboard; sourceTree = "<group>"; };
		CE5F230D2A5AA9E8000A966E /* Info.plist */ = {isa = PBXFileReference; lastKnownFileType = text.plist.xml; path = Info.plist; sourceTree = "<group>"; };
		CE6DBA052A5BFE4D002A7261 /* Constants.swift */ = {isa = PBXFileReference; lastKnownFileType = sourcecode.swift; path = Constants.swift; sourceTree = "<group>"; };
		CE6E1FF92A7E33CA00A354CE /* VideoTableViewCell.swift */ = {isa = PBXFileReference; lastKnownFileType = sourcecode.swift; path = VideoTableViewCell.swift; sourceTree = "<group>"; };
		CE70CA0D2A8E77E30015EEFA /* CacheManager.swift */ = {isa = PBXFileReference; lastKnownFileType = sourcecode.swift; path = CacheManager.swift; sourceTree = "<group>"; };
		CE756F132A5D25150090994B /* Video.swift */ = {isa = PBXFileReference; lastKnownFileType = sourcecode.swift; path = Video.swift; sourceTree = "<group>"; };
		CE756F152A5D25B50090994B /* Model.swift */ = {isa = PBXFileReference; lastKnownFileType = sourcecode.swift; path = Model.swift; sourceTree = "<group>"; };
		CE8D19362A7BED9500E030D7 /* Response.swift */ = {isa = PBXFileReference; lastKnownFileType = sourcecode.swift; path = Response.swift; sourceTree = "<group>"; };
/* End PBXFileReference section */

/* Begin PBXFrameworksBuildPhase section */
		CE5F22F92A5AA9E3000A966E /* Frameworks */ = {
			isa = PBXFrameworksBuildPhase;
			buildActionMask = 2147483647;
			files = (
			);
			runOnlyForDeploymentPostprocessing = 0;
		};
/* End PBXFrameworksBuildPhase section */

/* Begin PBXGroup section */
		CE5F22F32A5AA9E3000A966E = {
			isa = PBXGroup;
			children = (
				CE5F22FE2A5AA9E3000A966E /* youtube-build */,
				CE5F22FD2A5AA9E3000A966E /* Products */,
			);
			sourceTree = "<group>";
		};
		CE5F22FD2A5AA9E3000A966E /* Products */ = {
			isa = PBXGroup;
			children = (
				CE5F22FC2A5AA9E3000A966E /* youtube-build.app */,
			);
			name = Products;
			sourceTree = "<group>";
		};
		CE5F22FE2A5AA9E3000A966E /* youtube-build */ = {
			isa = PBXGroup;
			children = (
				CE5F22FF2A5AA9E3000A966E /* AppDelegate.swift */,
				CE5F23012A5AA9E3000A966E /* SceneDelegate.swift */,
				CE6E20002A7E349A00A354CE /* Helpers */,
				CE6E1FFF2A7E348C00A354CE /* Storyboards */,
				CE6E1FFE2A7E347F00A354CE /* Models */,
				CE6E1FFC2A7E33F100A354CE /* Views */,
				CE6E1FFB2A7E33E300A354CE /* View Controlles */,
				CE5F23082A5AA9E8000A966E /* Assets.xcassets */,
				CE5F230D2A5AA9E8000A966E /* Info.plist */,
			);
			path = "youtube-build";
			sourceTree = "<group>";
		};
		CE6E1FFB2A7E33E300A354CE /* View Controlles */ = {
			isa = PBXGroup;
			children = (
				CE5F23032A5AA9E3000A966E /* ViewController.swift */,
				CE2F06572A913E0900E8E6E6 /* DetailViewController.swift */,
			);
			path = "View Controlles";
			sourceTree = "<group>";
		};
		CE6E1FFC2A7E33F100A354CE /* Views */ = {
			isa = PBXGroup;
			children = (
				CE6E1FF92A7E33CA00A354CE /* VideoTableViewCell.swift */,
			);
			path = Views;
			sourceTree = "<group>";
		};
		CE6E1FFE2A7E347F00A354CE /* Models */ = {
			isa = PBXGroup;
			children = (
				CE756F132A5D25150090994B /* Video.swift */,
				CE756F152A5D25B50090994B /* Model.swift */,
				CE8D19362A7BED9500E030D7 /* Response.swift */,
			);
			path = Models;
			sourceTree = "<group>";
		};
		CE6E1FFF2A7E348C00A354CE /* Storyboards */ = {
			isa = PBXGroup;
			children = (
				CE5F23052A5AA9E3000A966E /* Main.storyboard */,
				CE5F230A2A5AA9E8000A966E /* LaunchScreen.storyboard */,
			);
			path = Storyboards;
			sourceTree = "<group>";
		};
		CE6E20002A7E349A00A354CE /* Helpers */ = {
			isa = PBXGroup;
			children = (
				CE6DBA052A5BFE4D002A7261 /* Constants.swift */,
				CE70CA0D2A8E77E30015EEFA /* CacheManager.swift */,
			);
			path = Helpers;
			sourceTree = "<group>";
		};
/* End PBXGroup section */

/* Begin PBXNativeTarget section */
		CE5F22FB2A5AA9E3000A966E /* youtube-build */ = {
			isa = PBXNativeTarget;
			buildConfigurationList = CE5F23102A5AA9E8000A966E /* Build configuration list for PBXNativeTarget "youtube-build" */;
			buildPhases = (
				CE5F22F82A5AA9E3000A966E /* Sources */,
				CE5F22F92A5AA9E3000A966E /* Frameworks */,
				CE5F22FA2A5AA9E3000A966E /* Resources */,
			);
			buildRules = (
			);
			dependencies = (
			);
			name = "youtube-build";
			productName = "youtube-build";
			productReference = CE5F22FC2A5AA9E3000A966E /* youtube-build.app */;
			productType = "com.apple.product-type.application";
		};
/* End PBXNativeTarget section */

/* Begin PBXProject section */
		CE5F22F42A5AA9E3000A966E /* Project object */ = {
			isa = PBXProject;
			attributes = {
				BuildIndependentTargetsInParallel = 1;
				LastSwiftUpdateCheck = 1400;
				LastUpgradeCheck = 1400;
				TargetAttributes = {
					CE5F22FB2A5AA9E3000A966E = {
						CreatedOnToolsVersion = 14.0.1;
					};
				};
			};
			buildConfigurationList = CE5F22F72A5AA9E3000A966E /* Build configuration list for PBXProject "youtube-build" */;
			compatibilityVersion = "Xcode 14.0";
			developmentRegion = en;
			hasScannedForEncodings = 0;
			knownRegions = (
				en,
				Base,
			);
			mainGroup = CE5F22F32A5AA9E3000A966E;
			productRefGroup = CE5F22FD2A5AA9E3000A966E /* Products */;
			projectDirPath = "";
			projectRoot = "";
			targets = (
				CE5F22FB2A5AA9E3000A966E /* youtube-build */,
			);
		};
/* End PBXProject section */

/* Begin PBXResourcesBuildPhase section */
		CE5F22FA2A5AA9E3000A966E /* Resources */ = {
			isa = PBXResourcesBuildPhase;
			buildActionMask = 2147483647;
			files = (
				CE5F230C2A5AA9E8000A966E /* LaunchScreen.storyboard in Resources */,
				CE5F23092A5AA9E8000A966E /* Assets.xcassets in Resources */,
				CE5F23072A5AA9E3000A966E /* Main.storyboard in Resources */,
			);
			runOnlyForDeploymentPostprocessing = 0;
		};
/* End PBXResourcesBuildPhase section */

/* Begin PBXSourcesBuildPhase section */
		CE5F22F82A5AA9E3000A966E /* Sources */ = {
			isa = PBXSourcesBuildPhase;
			buildActionMask = 2147483647;
			files = (
				CE5F23042A5AA9E3000A966E /* ViewController.swift in Sources */,
				CE70CA0E2A8E77E30015EEFA /* CacheManager.swift in Sources */,
				CE5F23002A5AA9E3000A966E /* AppDelegate.swift in Sources */,
				CE5F23022A5AA9E3000A966E /* SceneDelegate.swift in Sources */,
				CE756F162A5D25B50090994B /* Model.swift in Sources */,
				CE6DBA062A5BFE4D002A7261 /* Constants.swift in Sources */,
				CE6E1FFA2A7E33CA00A354CE /* VideoTableViewCell.swift in Sources */,
				CE2F06582A913E0900E8E6E6 /* DetailViewController.swift in Sources */,
				CE756F142A5D25150090994B /* Video.swift in Sources */,
				CE8D19372A7BED9500E030D7 /* Response.swift in Sources */,
			);
			runOnlyForDeploymentPostprocessing = 0;
		};
/* End PBXSourcesBuildPhase section */

/* Begin PBXVariantGroup section */
		CE5F23052A5AA9E3000A966E /* Main.storyboard */ = {
			isa = PBXVariantGroup;
			children = (
				CE5F23062A5AA9E3000A966E /* Base */,
			);
			name = Main.storyboard;
			sourceTree = "<group>";
		};
		CE5F230A2A5AA9E8000A966E /* LaunchScreen.storyboard */ = {
			isa = PBXVariantGroup;
			children = (
				CE5F230B2A5AA9E8000A966E /* Base */,
			);
			name = LaunchScreen.storyboard;
			sourceTree = "<group>";
		};
/* End PBXVariantGroup section */

/* Begin XCBuildConfiguration section */
		CE5F230E2A5AA9E8000A966E /* Debug */ = {
			isa = XCBuildConfiguration;
			buildSettings = {
				ALWAYS_SEARCH_USER_PATHS = NO;
				CLANG_ANALYZER_NONNULL = YES;
				CLANG_ANALYZER_NUMBER_OBJECT_CONVERSION = YES_AGGRESSIVE;
				CLANG_CXX_LANGUAGE_STANDARD = "gnu++20";
				CLANG_ENABLE_MODULES = YES;
				CLANG_ENABLE_OBJC_ARC = YES;
				CLANG_ENABLE_OBJC_WEAK = YES;
				CLANG_WARN_BLOCK_CAPTURE_AUTORELEASING = YES;
				CLANG_WARN_BOOL_CONVERSION = YES;
				CLANG_WARN_COMMA = YES;
				CLANG_WARN_CONSTANT_CONVERSION = YES;
				CLANG_WARN_DEPRECATED_OBJC_IMPLEMENTATIONS = YES;
				CLANG_WARN_DIRECT_OBJC_ISA_USAGE = YES_ERROR;
				CLANG_WARN_DOCUMENTATION_COMMENTS = YES;
				CLANG_WARN_EMPTY_BODY = YES;
				CLANG_WARN_ENUM_CONVERSION = YES;
				CLANG_WARN_INFINITE_RECURSION = YES;
				CLANG_WARN_INT_CONVERSION = YES;
				CLANG_WARN_NON_LITERAL_NULL_CONVERSION = YES;
				CLANG_WARN_OBJC_IMPLICIT_RETAIN_SELF = YES;
				CLANG_WARN_OBJC_LITERAL_CONVERSION = YES;
				CLANG_WARN_OBJC_ROOT_CLASS = YES_ERROR;
				CLANG_WARN_QUOTED_INCLUDE_IN_FRAMEWORK_HEADER = YES;
				CLANG_WARN_RANGE_LOOP_ANALYSIS = YES;
				CLANG_WARN_STRICT_PROTOTYPES = YES;
				CLANG_WARN_SUSPICIOUS_MOVE = YES;
				CLANG_WARN_UNGUARDED_AVAILABILITY = YES_AGGRESSIVE;
				CLANG_WARN_UNREACHABLE_CODE = YES;
				CLANG_WARN__DUPLICATE_METHOD_MATCH = YES;
				COPY_PHASE_STRIP = NO;
				DEBUG_INFORMATION_FORMAT = dwarf;
				ENABLE_STRICT_OBJC_MSGSEND = YES;
				ENABLE_TESTABILITY = YES;
				GCC_C_LANGUAGE_STANDARD = gnu11;
				GCC_DYNAMIC_NO_PIC = NO;
				GCC_NO_COMMON_BLOCKS = YES;
				GCC_OPTIMIZATION_LEVEL = 0;
				GCC_PREPROCESSOR_DEFINITIONS = (
					"DEBUG=1",
					"$(inherited)",
				);
				GCC_WARN_64_TO_32_BIT_CONVERSION = YES;
				GCC_WARN_ABOUT_RETURN_TYPE = YES_ERROR;
				GCC_WARN_UNDECLARED_SELECTOR = YES;
				GCC_WARN_UNINITIALIZED_AUTOS = YES_AGGRESSIVE;
				GCC_WARN_UNUSED_FUNCTION = YES;
				GCC_WARN_UNUSED_VARIABLE = YES;
				IPHONEOS_DEPLOYMENT_TARGET = 16.0;
				MTL_ENABLE_DEBUG_INFO = INCLUDE_SOURCE;
				MTL_FAST_MATH = YES;
				ONLY_ACTIVE_ARCH = YES;
				SDKROOT = iphoneos;
				SWIFT_ACTIVE_COMPILATION_CONDITIONS = DEBUG;
				SWIFT_OPTIMIZATION_LEVEL = "-Onone";
			};
			name = Debug;
		};
		CE5F230F2A5AA9E8000A966E /* Release */ = {
			isa = XCBuildConfiguration;
			buildSettings = {
				ALWAYS_SEARCH_USER_PATHS = NO;
				CLANG_ANALYZER_NONNULL = YES;
				CLANG_ANALYZER_NUMBER_OBJECT_CONVERSION = YES_AGGRESSIVE;
				CLANG_CXX_LANGUAGE_STANDARD = "gnu++20";
				CLANG_ENABLE_MODULES = YES;
				CLANG_ENABLE_OBJC_ARC = YES;
				CLANG_ENABLE_OBJC_WEAK = YES;
				CLANG_WARN_BLOCK_CAPTURE_AUTORELEASING = YES;
				CLANG_WARN_BOOL_CONVERSION = YES;
				CLANG_WARN_COMMA = YES;
				CLANG_WARN_CONSTANT_CONVERSION = YES;
				CLANG_WARN_DEPRECATED_OBJC_IMPLEMENTATIONS = YES;
				CLANG_WARN_DIRECT_OBJC_ISA_USAGE = YES_ERROR;
				CLANG_WARN_DOCUMENTATION_COMMENTS = YES;
				CLANG_WARN_EMPTY_BODY = YES;
				CLANG_WARN_ENUM_CONVERSION = YES;
				CLANG_WARN_INFINITE_RECURSION = YES;
				CLANG_WARN_INT_CONVERSION = YES;
				CLANG_WARN_NON_LITERAL_NULL_CONVERSION = YES;
				CLANG_WARN_OBJC_IMPLICIT_RETAIN_SELF = YES;
				CLANG_WARN_OBJC_LITERAL_CONVERSION = YES;
				CLANG_WARN_OBJC_ROOT_CLASS = YES_ERROR;
				CLANG_WARN_QUOTED_INCLUDE_IN_FRAMEWORK_HEADER = YES;
				CLANG_WARN_RANGE_LOOP_ANALYSIS = YES;
				CLANG_WARN_STRICT_PROTOTYPES = YES;
				CLANG_WARN_SUSPICIOUS_MOVE = YES;
				CLANG_WARN_UNGUARDED_AVAILABILITY = YES_AGGRESSIVE;
				CLANG_WARN_UNREACHABLE_CODE = YES;
				CLANG_WARN__DUPLICATE_METHOD_MATCH = YES;
				COPY_PHASE_STRIP = NO;
				DEBUG_INFORMATION_FORMAT = "dwarf-with-dsym";
				ENABLE_NS_ASSERTIONS = NO;
				ENABLE_STRICT_OBJC_MSGSEND = YES;
				GCC_C_LANGUAGE_STANDARD = gnu11;
				GCC_NO_COMMON_BLOCKS = YES;
				GCC_WARN_64_TO_32_BIT_CONVERSION = YES;
				GCC_WARN_ABOUT_RETURN_TYPE = YES_ERROR;
				GCC_WARN_UNDECLARED_SELECTOR = YES;
				GCC_WARN_UNINITIALIZED_AUTOS = YES_AGGRESSIVE;
				GCC_WARN_UNUSED_FUNCTION = YES;
				GCC_WARN_UNUSED_VARIABLE = YES;
				IPHONEOS_DEPLOYMENT_TARGET = 16.0;
				MTL_ENABLE_DEBUG_INFO = NO;
				MTL_FAST_MATH = YES;
				SDKROOT = iphoneos;
				SWIFT_COMPILATION_MODE = wholemodule;
				SWIFT_OPTIMIZATION_LEVEL = "-O";
				VALIDATE_PRODUCT = YES;
			};
			name = Release;
		};
		CE5F23112A5AA9E8000A966E /* Debug */ = {
			isa = XCBuildConfiguration;
			buildSettings = {
				ASSETCATALOG_COMPILER_APPICON_NAME = AppIcon;
				ASSETCATALOG_COMPILER_GLOBAL_ACCENT_COLOR_NAME = AccentColor;
				CODE_SIGN_STYLE = Automatic;
				CURRENT_PROJECT_VERSION = 1;
				GENERATE_INFOPLIST_FILE = YES;
				INFOPLIST_FILE = "youtube-build/Info.plist";
				INFOPLIST_KEY_UIApplicationSupportsIndirectInputEvents = YES;
				INFOPLIST_KEY_UILaunchStoryboardName = LaunchScreen;
				INFOPLIST_KEY_UIMainStoryboardFile = Main;
				INFOPLIST_KEY_UISupportedInterfaceOrientations_iPad = "UIInterfaceOrientationPortrait UIInterfaceOrientationPortraitUpsideDown UIInterfaceOrientationLandscapeLeft UIInterfaceOrientationLandscapeRight";
				INFOPLIST_KEY_UISupportedInterfaceOrientations_iPhone = "UIInterfaceOrientationPortrait UIInterfaceOrientationLandscapeLeft UIInterfaceOrientationLandscapeRight";
				LD_RUNPATH_SEARCH_PATHS = (
					"$(inherited)",
					"@executable_path/Frameworks",
				);
				MARKETING_VERSION = 1.0;
				PRODUCT_BUNDLE_IDENTIFIER = "test.youtube-build";
				PRODUCT_NAME = "$(TARGET_NAME)";
				SWIFT_EMIT_LOC_STRINGS = YES;
				SWIFT_VERSION = 5.0;
				TARGETED_DEVICE_FAMILY = "1,2";
			};
			name = Debug;
		};
		CE5F23122A5AA9E8000A966E /* Release */ = {
			isa = XCBuildConfiguration;
			buildSettings = {
				ASSETCATALOG_COMPILER_APPICON_NAME = AppIcon;
				ASSETCATALOG_COMPILER_GLOBAL_ACCENT_COLOR_NAME = AccentColor;
				CODE_SIGN_STYLE = Automatic;
				CURRENT_PROJECT_VERSION = 1;
				GENERATE_INFOPLIST_FILE = YES;
				INFOPLIST_FILE = "youtube-build/Info.plist";
				INFOPLIST_KEY_UIApplicationSupportsIndirectInputEvents = YES;
				INFOPLIST_KEY_UILaunchStoryboardName = LaunchScreen;
				INFOPLIST_KEY_UIMainStoryboardFile = Main;
				INFOPLIST_KEY_UISupportedInterfaceOrientations_iPad = "UIInterfaceOrientationPortrait UIInterfaceOrientationPortraitUpsideDown UIInterfaceOrientationLandscapeLeft UIInterfaceOrientationLandscapeRight";
				INFOPLIST_KEY_UISupportedInterfaceOrientations_iPhone = "UIInterfaceOrientationPortrait UIInterfaceOrientationLandscapeLeft UIInterfaceOrientationLandscapeRight";
				LD_RUNPATH_SEARCH_PATHS = (
					"$(inherited)",
					"@executable_path/Frameworks",
				);
				MARKETING_VERSION = 1.0;
				PRODUCT_BUNDLE_IDENTIFIER = "test.youtube-build";
				PRODUCT_NAME = "$(TARGET_NAME)";
				SWIFT_EMIT_LOC_STRINGS = YES;
				SWIFT_VERSION = 5.0;
				TARGETED_DEVICE_FAMILY = "1,2";
			};
			name = Release;
		};
/* End XCBuildConfiguration section */

/* Begin XCConfigurationList section */
		CE5F22F72A5AA9E3000A966E /* Build configuration list for PBXProject "youtube-build" */ = {
			isa = XCConfigurationList;
			buildConfigurations = (
				CE5F230E2A5AA9E8000A966E /* Debug */,
				CE5F230F2A5AA9E8000A966E /* Release */,
			);
			defaultConfigurationIsVisible = 0;
			defaultConfigurationName = Release;
		};
		CE5F23102A5AA9E8000A966E /* Build configuration list for PBXNativeTarget "youtube-build" */ = {
			isa = XCConfigurationList;
			buildConfigurations = (
				CE5F23112A5AA9E8000A966E /* Debug */,
				CE5F23122A5AA9E8000A966E /* Release */,
			);
			defaultConfigurationIsVisible = 0;
			defaultConfigurationName = Release;
		};
/* End XCConfigurationList section */
	};
	rootObject = CE5F22F42A5AA9E3000A966E /* Project object */;
}
